
Microsoft Visual Studio Solution File, Format Version 12.00
# Visual Studio Version 17
VisualStudioVersion = 17.11.35222.181
MinimumVisualStudioVersion = 10.0.40219.1
Project("{FAE04EC0-301F-11D3-BF4B-00C04F79EFBC}") = "Trabalho3C.A", "Trabalho3C.A\Trabalho3C.A.csproj", "{04630920-441D-49DE-A45B-DB44DCED54E8}"
EndProject
Global
	GlobalSection(SolutionConfigurationPlatforms) = preSolution
		Debug|Any CPU = Debug|Any CPU
		Release|Any CPU = Release|Any CPU
	EndGlobalSection
	GlobalSection(ProjectConfigurationPlatforms) = postSolution
		{04630920-441D-49DE-A45B-DB44DCED54E8}.Debug|Any CPU.ActiveCfg = Debug|Any CPU
		{04630920-441D-49DE-A45B-DB44DCED54E8}.Debug|Any CPU.Build.0 = Debug|Any CPU
		{04630920-441D-49DE-A45B-DB44DCED54E8}.Release|Any CPU.ActiveCfg = Release|Any CPU
		{04630920-441D-49DE-A45B-DB44DCED54E8}.Release|Any CPU.Build.0 = Release|Any CPU
	EndGlobalSection
	GlobalSection(SolutionProperties) = preSolution
		HideSolutionNode = FALSE
	EndGlobalSection
	GlobalSection(ExtensibilityGlobals) = postSolution
		SolutionGuid = {B805C20D-DF50-45C6-B1BC-30886C75E766}
	EndGlobalSection
EndGlobal
